
Microsoft Visual Studio Solution File, Format Version 12.00
# Visual Studio Version 16
VisualStudioVersion = 16.0.29519.87
MinimumVisualStudioVersion = 10.0.40219.1
Project("{9A19103F-16F7-4668-BE54-9A1E7A4F7556}") = "UI", "UI\UI.csproj", "{7FD9D201-94F7-43CA-A8B0-AE0E36984E1A}"
EndProject
Project("{FAE04EC0-301F-11D3-BF4B-00C04F79EFBC}") = "DAL", "DAL\DAL.csproj", "{75D37BD6-01DE-4739-B23D-5E836BE1AF01}"
EndProject
Project("{FAE04EC0-301F-11D3-BF4B-00C04F79EFBC}") = "BL", "BL\BL.csproj", "{1C0E35EF-9744-4FC6-AC9A-05F159653353}"
EndProject
Project("{FAE04EC0-301F-11D3-BF4B-00C04F79EFBC}") = "BE", "BE\BE.csproj", "{CAEDC186-09A9-4401-8869-72287216EF72}"
EndProject
Global
	GlobalSection(SolutionConfigurationPlatforms) = preSolution
		Debug|Any CPU = Debug|Any CPU
		Release|Any CPU = Release|Any CPU
	EndGlobalSection
	GlobalSection(ProjectConfigurationPlatforms) = postSolution
		{7FD9D201-94F7-43CA-A8B0-AE0E36984E1A}.Debug|Any CPU.ActiveCfg = Debug|Any CPU
		{7FD9D201-94F7-43CA-A8B0-AE0E36984E1A}.Debug|Any CPU.Build.0 = Debug|Any CPU
		{7FD9D201-94F7-43CA-A8B0-AE0E36984E1A}.Release|Any CPU.ActiveCfg = Release|Any CPU
		{7FD9D201-94F7-43CA-A8B0-AE0E36984E1A}.Release|Any CPU.Build.0 = Release|Any CPU
		{75D37BD6-01DE-4739-B23D-5E836BE1AF01}.Debug|Any CPU.ActiveCfg = Debug|Any CPU
		{75D37BD6-01DE-4739-B23D-5E836BE1AF01}.Debug|Any CPU.Build.0 = Debug|Any CPU
		{75D37BD6-01DE-4739-B23D-5E836BE1AF01}.Release|Any CPU.ActiveCfg = Release|Any CPU
		{75D37BD6-01DE-4739-B23D-5E836BE1AF01}.Release|Any CPU.Build.0 = Release|Any CPU
		{1C0E35EF-9744-4FC6-AC9A-05F159653353}.Debug|Any CPU.ActiveCfg = Debug|Any CPU
		{1C0E35EF-9744-4FC6-AC9A-05F159653353}.Debug|Any CPU.Build.0 = Debug|Any CPU
		{1C0E35EF-9744-4FC6-AC9A-05F159653353}.Release|Any CPU.ActiveCfg = Release|Any CPU
		{1C0E35EF-9744-4FC6-AC9A-05F159653353}.Release|Any CPU.Build.0 = Release|Any CPU
		{CAEDC186-09A9-4401-8869-72287216EF72}.Debug|Any CPU.ActiveCfg = Debug|Any CPU
		{CAEDC186-09A9-4401-8869-72287216EF72}.Debug|Any CPU.Build.0 = Debug|Any CPU
		{CAEDC186-09A9-4401-8869-72287216EF72}.Release|Any CPU.ActiveCfg = Release|Any CPU
		{CAEDC186-09A9-4401-8869-72287216EF72}.Release|Any CPU.Build.0 = Release|Any CPU
	EndGlobalSection
	GlobalSection(SolutionProperties) = preSolution
		HideSolutionNode = FALSE
	EndGlobalSection
	GlobalSection(ExtensibilityGlobals) = postSolution
		SolutionGuid = {96343835-64C4-446E-914B-CD055AE39EA1}
	EndGlobalSection
EndGlobal
